
Microsoft Visual Studio Solution File, Format Version 12.00
# Visual Studio 15
VisualStudioVersion = 15.0.28307.489
MinimumVisualStudioVersion = 10.0.40219.1
Project("{8BC9CEB8-8B4A-11D0-8D11-00A0C91BC942}") = "TimingStudy3", "TimingStudy3.vcxproj", "{115ABB20-7779-413B-9EB6-152E1F52FB57}"
EndProject
Global
	GlobalSection(SolutionConfigurationPlatforms) = preSolution
		Debug|x64 = Debug|x64
		Debug|x86 = Debug|x86
		Release|x64 = Release|x64
		Release|x86 = Release|x86
	EndGlobalSection
	GlobalSection(ProjectConfigurationPlatforms) = postSolution
		{115ABB20-7779-413B-9EB6-152E1F52FB57}.Debug|x64.ActiveCfg = Debug|x64
		{115ABB20-7779-413B-9EB6-152E1F52FB57}.Debug|x64.Build.0 = Debug|x64
		{115ABB20-7779-413B-9EB6-152E1F52FB57}.Debug|x86.ActiveCfg = Debug|Win32
		{115ABB20-7779-413B-9EB6-152E1F52FB57}.Debug|x86.Build.0 = Debug|Win32
		{115ABB20-7779-413B-9EB6-152E1F52FB57}.Release|x64.ActiveCfg = Release|x64
		{115ABB20-7779-413B-9EB6-152E1F52FB57}.Release|x64.Build.0 = Release|x64
		{115ABB20-7779-413B-9EB6-152E1F52FB57}.Release|x86.ActiveCfg = Release|Win32
		{115ABB20-7779-413B-9EB6-152E1F52FB57}.Release|x86.Build.0 = Release|Win32
	EndGlobalSection
	GlobalSection(SolutionProperties) = preSolution
		HideSolutionNode = FALSE
	EndGlobalSection
	GlobalSection(ExtensibilityGlobals) = postSolution
		SolutionGuid = {34CE0798-CB9A-484B-A3BD-002FB883534B}
	EndGlobalSection
EndGlobal
